
Microsoft Visual Studio Solution File, Format Version 12.00
# Visual Studio 15
VisualStudioVersion = 15.0.26124.0
MinimumVisualStudioVersion = 15.0.26124.0
Project("{2150E333-8FDC-42A3-9474-1A3956D46DE8}") = "Code", "Code", "{E7C6167E-FBF2-4CA9-94FF-2A46986A22A5}"
EndProject
Project("{FAE04EC0-301F-11D3-BF4B-00C04F79EFBC}") = "dotnetedit.Api", "Code\dotnetedit.Api\dotnetedit.Api.csproj", "{3D43FCAD-8724-43B6-B32A-A2B3C4AA065D}"
EndProject
Project("{FAE04EC0-301F-11D3-BF4B-00C04F79EFBC}") = "dotnetedit.BusinessEntities", "Code\dotnetedit.BusinessEntities\dotnetedit.BusinessEntities.csproj", "{3331BC08-BAAC-4436-A7FA-EDB501B84C46}"
EndProject
Project("{FAE04EC0-301F-11D3-BF4B-00C04F79EFBC}") = "dotnetedit.BusinessServices", "Code\dotnetedit.BusinessServices\dotnetedit.BusinessServices.csproj", "{AA896D0C-7C1B-4EB7-B79D-47E970F88A9F}"
EndProject
Project("{FAE04EC0-301F-11D3-BF4B-00C04F79EFBC}") = "dotnetedit.Contracts", "Code\dotnetedit.Contracts\dotnetedit.Contracts.csproj", "{55595830-65F4-44E9-84ED-24AA9E4B36D2}"
EndProject
Project("{FAE04EC0-301F-11D3-BF4B-00C04F79EFBC}") = "dotnetedit.Data", "Code\dotnetedit.Data\dotnetedit.Data.csproj", "{368A10C8-577F-44AA-B367-BCC99F8CE7ED}"
EndProject
Project("{FAE04EC0-301F-11D3-BF4B-00C04F79EFBC}") = "dotnetedit.Test.Api", "Code\dotnetedit.Test.Api\dotnetedit.Test.Api.csproj", "{39CA85A2-8D62-4231-A138-50996084A682}"
EndProject
Project("{FAE04EC0-301F-11D3-BF4B-00C04F79EFBC}") = "dotnetedit.Test.Business", "Code\dotnetedit.Test.Business\dotnetedit.Test.Business.csproj", "{629C6308-55D6-4E04-8269-1738CF36181C}"
EndProject
Project("{FAE04EC0-301F-11D3-BF4B-00C04F79EFBC}") = "dotnetedit.Test.Framework", "Code\dotnetedit.Test.Framework\dotnetedit.Test.Framework.csproj", "{B4D490BC-206F-443F-8E9D-0F7DE5577533}"
EndProject
Project("{2150E333-8FDC-42A3-9474-1A3956D46DE8}") = "Test", "Test", "{7B6539AF-BFDD-4DFF-BF0C-FABB2666041F}"
EndProject
Global
	GlobalSection(SolutionConfigurationPlatforms) = preSolution
		Debug|Any CPU = Debug|Any CPU
		Debug|x64 = Debug|x64
		Debug|x86 = Debug|x86
		Release|Any CPU = Release|Any CPU
		Release|x64 = Release|x64
		Release|x86 = Release|x86
	EndGlobalSection
	GlobalSection(SolutionProperties) = preSolution
		HideSolutionNode = FALSE
	EndGlobalSection
	GlobalSection(ProjectConfigurationPlatforms) = postSolution
		{3D43FCAD-8724-43B6-B32A-A2B3C4AA065D}.Debug|Any CPU.ActiveCfg = Debug|Any CPU
		{3D43FCAD-8724-43B6-B32A-A2B3C4AA065D}.Debug|Any CPU.Build.0 = Debug|Any CPU
		{3D43FCAD-8724-43B6-B32A-A2B3C4AA065D}.Debug|x64.ActiveCfg = Debug|Any CPU
		{3D43FCAD-8724-43B6-B32A-A2B3C4AA065D}.Debug|x64.Build.0 = Debug|Any CPU
		{3D43FCAD-8724-43B6-B32A-A2B3C4AA065D}.Debug|x86.ActiveCfg = Debug|Any CPU
		{3D43FCAD-8724-43B6-B32A-A2B3C4AA065D}.Debug|x86.Build.0 = Debug|Any CPU
		{3D43FCAD-8724-43B6-B32A-A2B3C4AA065D}.Release|Any CPU.ActiveCfg = Release|Any CPU
		{3D43FCAD-8724-43B6-B32A-A2B3C4AA065D}.Release|Any CPU.Build.0 = Release|Any CPU
		{3D43FCAD-8724-43B6-B32A-A2B3C4AA065D}.Release|x64.ActiveCfg = Release|Any CPU
		{3D43FCAD-8724-43B6-B32A-A2B3C4AA065D}.Release|x64.Build.0 = Release|Any CPU
		{3D43FCAD-8724-43B6-B32A-A2B3C4AA065D}.Release|x86.ActiveCfg = Release|Any CPU
		{3D43FCAD-8724-43B6-B32A-A2B3C4AA065D}.Release|x86.Build.0 = Release|Any CPU
		{3331BC08-BAAC-4436-A7FA-EDB501B84C46}.Debug|Any CPU.ActiveCfg = Debug|Any CPU
		{3331BC08-BAAC-4436-A7FA-EDB501B84C46}.Debug|Any CPU.Build.0 = Debug|Any CPU
		{3331BC08-BAAC-4436-A7FA-EDB501B84C46}.Debug|x64.ActiveCfg = Debug|Any CPU
		{3331BC08-BAAC-4436-A7FA-EDB501B84C46}.Debug|x64.Build.0 = Debug|Any CPU
		{3331BC08-BAAC-4436-A7FA-EDB501B84C46}.Debug|x86.ActiveCfg = Debug|Any CPU
		{3331BC08-BAAC-4436-A7FA-EDB501B84C46}.Debug|x86.Build.0 = Debug|Any CPU
		{3331BC08-BAAC-4436-A7FA-EDB501B84C46}.Release|Any CPU.ActiveCfg = Release|Any CPU
		{3331BC08-BAAC-4436-A7FA-EDB501B84C46}.Release|Any CPU.Build.0 = Release|Any CPU
		{3331BC08-BAAC-4436-A7FA-EDB501B84C46}.Release|x64.ActiveCfg = Release|Any CPU
		{3331BC08-BAAC-4436-A7FA-EDB501B84C46}.Release|x64.Build.0 = Release|Any CPU
		{3331BC08-BAAC-4436-A7FA-EDB501B84C46}.Release|x86.ActiveCfg = Release|Any CPU
		{3331BC08-BAAC-4436-A7FA-EDB501B84C46}.Release|x86.Build.0 = Release|Any CPU
		{AA896D0C-7C1B-4EB7-B79D-47E970F88A9F}.Debug|Any CPU.ActiveCfg = Debug|Any CPU
		{AA896D0C-7C1B-4EB7-B79D-47E970F88A9F}.Debug|Any CPU.Build.0 = Debug|Any CPU
		{AA896D0C-7C1B-4EB7-B79D-47E970F88A9F}.Debug|x64.ActiveCfg = Debug|Any CPU
		{AA896D0C-7C1B-4EB7-B79D-47E970F88A9F}.Debug|x64.Build.0 = Debug|Any CPU
		{AA896D0C-7C1B-4EB7-B79D-47E970F88A9F}.Debug|x86.ActiveCfg = Debug|Any CPU
		{AA896D0C-7C1B-4EB7-B79D-47E970F88A9F}.Debug|x86.Build.0 = Debug|Any CPU
		{AA896D0C-7C1B-4EB7-B79D-47E970F88A9F}.Release|Any CPU.ActiveCfg = Release|Any CPU
		{AA896D0C-7C1B-4EB7-B79D-47E970F88A9F}.Release|Any CPU.Build.0 = Release|Any CPU
		{AA896D0C-7C1B-4EB7-B79D-47E970F88A9F}.Release|x64.ActiveCfg = Release|Any CPU
		{AA896D0C-7C1B-4EB7-B79D-47E970F88A9F}.Release|x64.Build.0 = Release|Any CPU
		{AA896D0C-7C1B-4EB7-B79D-47E970F88A9F}.Release|x86.ActiveCfg = Release|Any CPU
		{AA896D0C-7C1B-4EB7-B79D-47E970F88A9F}.Release|x86.Build.0 = Release|Any CPU
		{55595830-65F4-44E9-84ED-24AA9E4B36D2}.Debug|Any CPU.ActiveCfg = Debug|Any CPU
		{55595830-65F4-44E9-84ED-24AA9E4B36D2}.Debug|Any CPU.Build.0 = Debug|Any CPU
		{55595830-65F4-44E9-84ED-24AA9E4B36D2}.Debug|x64.ActiveCfg = Debug|Any CPU
		{55595830-65F4-44E9-84ED-24AA9E4B36D2}.Debug|x64.Build.0 = Debug|Any CPU
		{55595830-65F4-44E9-84ED-24AA9E4B36D2}.Debug|x86.ActiveCfg = Debug|Any CPU
		{55595830-65F4-44E9-84ED-24AA9E4B36D2}.Debug|x86.Build.0 = Debug|Any CPU
		{55595830-65F4-44E9-84ED-24AA9E4B36D2}.Release|Any CPU.ActiveCfg = Release|Any CPU
		{55595830-65F4-44E9-84ED-24AA9E4B36D2}.Release|Any CPU.Build.0 = Release|Any CPU
		{55595830-65F4-44E9-84ED-24AA9E4B36D2}.Release|x64.ActiveCfg = Release|Any CPU
		{55595830-65F4-44E9-84ED-24AA9E4B36D2}.Release|x64.Build.0 = Release|Any CPU
		{55595830-65F4-44E9-84ED-24AA9E4B36D2}.Release|x86.ActiveCfg = Release|Any CPU
		{55595830-65F4-44E9-84ED-24AA9E4B36D2}.Release|x86.Build.0 = Release|Any CPU
		{368A10C8-577F-44AA-B367-BCC99F8CE7ED}.Debug|Any CPU.ActiveCfg = Debug|Any CPU
		{368A10C8-577F-44AA-B367-BCC99F8CE7ED}.Debug|Any CPU.Build.0 = Debug|Any CPU
		{368A10C8-577F-44AA-B367-BCC99F8CE7ED}.Debug|x64.ActiveCfg = Debug|Any CPU
		{368A10C8-577F-44AA-B367-BCC99F8CE7ED}.Debug|x64.Build.0 = Debug|Any CPU
		{368A10C8-577F-44AA-B367-BCC99F8CE7ED}.Debug|x86.ActiveCfg = Debug|Any CPU
		{368A10C8-577F-44AA-B367-BCC99F8CE7ED}.Debug|x86.Build.0 = Debug|Any CPU
		{368A10C8-577F-44AA-B367-BCC99F8CE7ED}.Release|Any CPU.ActiveCfg = Release|Any CPU
		{368A10C8-577F-44AA-B367-BCC99F8CE7ED}.Release|Any CPU.Build.0 = Release|Any CPU
		{368A10C8-577F-44AA-B367-BCC99F8CE7ED}.Release|x64.ActiveCfg = Release|Any CPU
		{368A10C8-577F-44AA-B367-BCC99F8CE7ED}.Release|x64.Build.0 = Release|Any CPU
		{368A10C8-577F-44AA-B367-BCC99F8CE7ED}.Release|x86.ActiveCfg = Release|Any CPU
		{368A10C8-577F-44AA-B367-BCC99F8CE7ED}.Release|x86.Build.0 = Release|Any CPU
		{39CA85A2-8D62-4231-A138-50996084A682}.Debug|Any CPU.ActiveCfg = Debug|Any CPU
		{39CA85A2-8D62-4231-A138-50996084A682}.Debug|Any CPU.Build.0 = Debug|Any CPU
		{39CA85A2-8D62-4231-A138-50996084A682}.Debug|x64.ActiveCfg = Debug|Any CPU
		{39CA85A2-8D62-4231-A138-50996084A682}.Debug|x64.Build.0 = Debug|Any CPU
		{39CA85A2-8D62-4231-A138-50996084A682}.Debug|x86.ActiveCfg = Debug|Any CPU
		{39CA85A2-8D62-4231-A138-50996084A682}.Debug|x86.Build.0 = Debug|Any CPU
		{39CA85A2-8D62-4231-A138-50996084A682}.Release|Any CPU.ActiveCfg = Release|Any CPU
		{39CA85A2-8D62-4231-A138-50996084A682}.Release|Any CPU.Build.0 = Release|Any CPU
		{39CA85A2-8D62-4231-A138-50996084A682}.Release|x64.ActiveCfg = Release|Any CPU
		{39CA85A2-8D62-4231-A138-50996084A682}.Release|x64.Build.0 = Release|Any CPU
		{39CA85A2-8D62-4231-A138-50996084A682}.Release|x86.ActiveCfg = Release|Any CPU
		{39CA85A2-8D62-4231-A138-50996084A682}.Release|x86.Build.0 = Release|Any CPU
		{629C6308-55D6-4E04-8269-1738CF36181C}.Debug|Any CPU.ActiveCfg = Debug|Any CPU
		{629C6308-55D6-4E04-8269-1738CF36181C}.Debug|Any CPU.Build.0 = Debug|Any CPU
		{629C6308-55D6-4E04-8269-1738CF36181C}.Debug|x64.ActiveCfg = Debug|Any CPU
		{629C6308-55D6-4E04-8269-1738CF36181C}.Debug|x64.Build.0 = Debug|Any CPU
		{629C6308-55D6-4E04-8269-1738CF36181C}.Debug|x86.ActiveCfg = Debug|Any CPU
		{629C6308-55D6-4E04-8269-1738CF36181C}.Debug|x86.Build.0 = Debug|Any CPU
		{629C6308-55D6-4E04-8269-1738CF36181C}.Release|Any CPU.ActiveCfg = Release|Any CPU
		{629C6308-55D6-4E04-8269-1738CF36181C}.Release|Any CPU.Build.0 = Release|Any CPU
		{629C6308-55D6-4E04-8269-1738CF36181C}.Release|x64.ActiveCfg = Release|Any CPU
		{629C6308-55D6-4E04-8269-1738CF36181C}.Release|x64.Build.0 = Release|Any CPU
		{629C6308-55D6-4E04-8269-1738CF36181C}.Release|x86.ActiveCfg = Release|Any CPU
		{629C6308-55D6-4E04-8269-1738CF36181C}.Release|x86.Build.0 = Release|Any CPU
		{B4D490BC-206F-443F-8E9D-0F7DE5577533}.Debug|Any CPU.ActiveCfg = Debug|Any CPU
		{B4D490BC-206F-443F-8E9D-0F7DE5577533}.Debug|Any CPU.Build.0 = Debug|Any CPU
		{B4D490BC-206F-443F-8E9D-0F7DE5577533}.Debug|x64.ActiveCfg = Debug|Any CPU
		{B4D490BC-206F-443F-8E9D-0F7DE5577533}.Debug|x64.Build.0 = Debug|Any CPU
		{B4D490BC-206F-443F-8E9D-0F7DE5577533}.Debug|x86.ActiveCfg = Debug|Any CPU
		{B4D490BC-206F-443F-8E9D-0F7DE5577533}.Debug|x86.Build.0 = Debug|Any CPU
		{B4D490BC-206F-443F-8E9D-0F7DE5577533}.Release|Any CPU.ActiveCfg = Release|Any CPU
		{B4D490BC-206F-443F-8E9D-0F7DE5577533}.Release|Any CPU.Build.0 = Release|Any CPU
		{B4D490BC-206F-443F-8E9D-0F7DE5577533}.Release|x64.ActiveCfg = Release|Any CPU
		{B4D490BC-206F-443F-8E9D-0F7DE5577533}.Release|x64.Build.0 = Release|Any CPU
		{B4D490BC-206F-443F-8E9D-0F7DE5577533}.Release|x86.ActiveCfg = Release|Any CPU
		{B4D490BC-206F-443F-8E9D-0F7DE5577533}.Release|x86.Build.0 = Release|Any CPU
	EndGlobalSection
	GlobalSection(NestedProjects) = preSolution
		{3D43FCAD-8724-43B6-B32A-A2B3C4AA065D} = {E7C6167E-FBF2-4CA9-94FF-2A46986A22A5}
		{3331BC08-BAAC-4436-A7FA-EDB501B84C46} = {E7C6167E-FBF2-4CA9-94FF-2A46986A22A5}
		{AA896D0C-7C1B-4EB7-B79D-47E970F88A9F} = {E7C6167E-FBF2-4CA9-94FF-2A46986A22A5}
		{55595830-65F4-44E9-84ED-24AA9E4B36D2} = {E7C6167E-FBF2-4CA9-94FF-2A46986A22A5}
		{368A10C8-577F-44AA-B367-BCC99F8CE7ED} = {E7C6167E-FBF2-4CA9-94FF-2A46986A22A5}
		{39CA85A2-8D62-4231-A138-50996084A682} = {7B6539AF-BFDD-4DFF-BF0C-FABB2666041F}
		{629C6308-55D6-4E04-8269-1738CF36181C} = {7B6539AF-BFDD-4DFF-BF0C-FABB2666041F}
		{B4D490BC-206F-443F-8E9D-0F7DE5577533} = {7B6539AF-BFDD-4DFF-BF0C-FABB2666041F}
	EndGlobalSection
EndGlobal
